# THIS IS AN AUTOGENERATED FILE. DO NOT EDIT THIS FILE DIRECTLY.
# yarn lockfile v1


abbrev@1:
  version "1.1.1"
  resolved "https://registry.yarnpkg.com/abbrev/-/abbrev-1.1.1.tgz#f8f2c887ad10bf67f634f005b6987fed3179aac8"
  integrity sha512-nne9/IiQ/hzIhY6pdDnbBtz7DjPTKrY00P/zvPSm5pOFkl6xuGrGnXn/VtTNNfNtAfZ9/1RtehkszU9qcTii0Q==

amdefine@>=0.0.4:
  version "1.0.1"
  resolved "https://registry.yarnpkg.com/amdefine/-/amdefine-1.0.1.tgz#4a5282ac164729e93619bcfd3ad151f817ce91f5"
  integrity sha512-S2Hw0TtNkMJhIabBwIojKL9YHO5T0n5eNqWJ7Lrlel/zDbftQpxpapi8tZs3X1HWa+u+QeydGmzzNU0m09+Rcg==

ansi-regex@^2.0.0:
  version "2.1.1"
  resolved "https://registry.yarnpkg.com/ansi-regex/-/ansi-regex-2.1.1.tgz#c3b33ab5ee360d86e0e628f0468ae7ef27d654df"
  integrity sha512-TIGnTpdo+E3+pCyAluZvtED5p5wCqLdezCyhPZzKPcxvFplEt4i+W7OONCKgeZFT3+y5NZZfOOS/Bdcanm1MYA==

ansi-styles@^2.2.1:
  version "2.2.1"
  resolved "https://registry.yarnpkg.com/ansi-styles/-/ansi-styles-2.2.1.tgz#b432dd3358b634cf75e1e4664368240533c1ddbe"
  integrity sha512-kmCevFghRiWM7HB5zTPULl4r9bVFSWjz62MhqizDGUrq2NWuNMQyuv4tHHoKJHs69M/MF64lEcHdYIocrdWQYA==

ansi-styles@^3.2.1:
  version "3.2.1"
  resolved "https://registry.yarnpkg.com/ansi-styles/-/ansi-styles-3.2.1.tgz#41fbb20243e50b12be0f04b8dedbf07520ce841d"
  integrity sha512-VT0ZI6kZRdTh8YyJw3SMbYm/u+NqfsAxEpWO0Pf9sq8/e94WxxOpPKx9FR1FlyCtOVDNOQ+8ntlqFxiRc+r5qA==
  dependencies:
    color-convert "^1.9.0"

ansi-styles@^4.1.0:
  version "4.3.0"
  resolved "https://registry.yarnpkg.com/ansi-styles/-/ansi-styles-4.3.0.tgz#edd803628ae71c04c85ae7a0906edad34b648937"
  integrity sha512-zbB9rCJAT1rbjiVDb2hqKFHNYLxgtk8NURxZ3IZwD3F6NtxbXZQCnnSi1Lkx+IDohdPlFp222wVALIheZJQSEg==
  dependencies:
    color-convert "^2.0.1"

argparse@^1.0.7:
  version "1.0.10"
  resolved "https://registry.yarnpkg.com/argparse/-/argparse-1.0.10.tgz#bcd6791ea5ae09725e17e5ad988134cd40b3d911"
  integrity sha512-o5Roy6tNG4SL/FOkCAN6RzjiakZS25RLYFrcMttJqbdd8BWrnA+fGz57iN5Pb06pvBGvl5gQ0B48dJlslXvoTg==
  dependencies:
    sprintf-js "~1.0.2"

array-each@^1.0.1:
  version "1.0.1"
  resolved "https://registry.yarnpkg.com/array-each/-/array-each-1.0.1.tgz#a794af0c05ab1752846ee753a1f211a05ba0c44f"
  integrity sha512-zHjL5SZa68hkKHBFBK6DJCTtr9sfTCPCaph/L7tMSLcTFgy+zX7E+6q5UArbtOtMBCtxdICpfTCspRse+ywyXA==

array-slice@^1.0.0:
  version "1.1.0"
  resolved "https://registry.yarnpkg.com/array-slice/-/array-slice-1.1.0.tgz#e368ea15f89bc7069f7ffb89aec3a6c7d4ac22d4"
  integrity sha512-B1qMD3RBP7O8o0H2KbrXDyB0IccejMF15+87Lvlor12ONPRHP6gTjXMNkt/d3ZuOGbAe66hFmaCfECI24Ufp6w==

async@^1.5.2:
  version "1.5.2"
  resolved "https://registry.yarnpkg.com/async/-/async-1.5.2.tgz#ec6a61ae56480c0c3cb241c95618e20892f9672a"
  integrity sha512-nSVgobk4rv61R9PUSDtYt7mPVB2olxNR5RWJcAsH676/ef11bUZwvu7+RGYrYauVdDPcO519v68wRhXQtxsV9w==

async@^3.2.3, async@~3.2.0:
  version "3.2.6"
  resolved "https://registry.yarnpkg.com/async/-/async-3.2.6.tgz#1b0728e14929d51b85b449b7f06e27c1145e38ce"
  integrity sha512-htCUDlxyyCLMgaM3xXg0C0LW2xqfuQ6p05pCEIsXuyQ+a1koYKTuBMzRNwmybfLgvJDMd0r1LTn4+E0Ti6C2AA==

atob@^2.1.2:
  version "2.1.2"
  resolved "https://registry.yarnpkg.com/atob/-/atob-2.1.2.tgz#6d9517eb9e030d2436666651e86bd9f6f13533c9"
  integrity sha512-Wm6ukoaOGJi/73p/cl2GvLjTI5JM1k/O14isD73YML8StrH/7/lRFgmg8nICZgD3bZZvjwCGxtMOD3wWNAu8cg==

balanced-match@^1.0.0:
  version "1.0.2"
  resolved "https://registry.yarnpkg.com/balanced-match/-/balanced-match-1.0.2.tgz#e83e3a7e3f300b34cb9d87f615fa0cbf357690ee"
  integrity sha512-3oSeUO0TMV67hN1AmbXsK4yaqU7tjiHlbxRDZOpH0KW9+CeX4bRAaX0Anxt0tx2MrpRpWwQaPwIlISEJhYU5Pw==

bean@0.x:
  version "0.4.11"
  resolved "https://registry.yarnpkg.com/bean/-/bean-0.4.11.tgz#544c2bcdb1223e451a0ce4d9b13ab59f75cbb1bb"
  integrity sha512-iH2wOi/fYH0HpNXCGZfQxwPipUPwa/JJ6/pomz3v2HngPIifuqIsHSwBzePT+Et8z9S3sG8bH8ogcLC75d/iyQ==

bonzo@1.x:
  version "1.4.0"
  resolved "https://registry.yarnpkg.com/bonzo/-/bonzo-1.4.0.tgz#d7d2e06f6b6f67eb3b8fc18774f79058f4ab34df"
  integrity sha512-urvZEMVK0X03LC2WfgGHbvH4LC2xwA9YlK0pFxamurBStCjf2Xmwzx7yaw/P9OPOO5a2kc4STHaudU4gCzBtiA==

brace-expansion@^1.1.7:
  version "1.1.14"
  resolved "https://registry.yarnpkg.com/brace-expansion/-/brace-expansion-1.1.14.tgz#d9de602370d91347cd9ddad1224d4fd701eb348b"
  integrity sha512-MWPGfDxnyzKU7rNOW9SP/c50vi3xrmrua/+6hfPbCS2ABNWfx24vPidzvC7krjU/RTo235sV776ymlsMtGKj8g==
  dependencies:
    balanced-match "^1.0.0"
    concat-map "0.0.1"

braces@^3.0.3:
  version "3.0.3"
  resolved "https://registry.yarnpkg.com/braces/-/braces-3.0.3.tgz#490332f40919452272d55a8480adc0c441358789"
  integrity sha512-yQbXgO/OSZVD2IsiLlro+7Hf6Q18EJrKSEsdoMzKePKXct3gvD8oLcOQdIzGupr5Fj+EDe8gO/lxc1BzfMpxvA==
  dependencies:
    fill-range "^7.1.1"

chalk@^1.0.0:
  version "1.1.3"
  resolved "https://registry.yarnpkg.com/chalk/-/chalk-1.1.3.tgz#a8115c55e4a702fe4d150abd3872822a7e09fc98"
  integrity sha512-U3lRVLMSlsCfjqYPbLyVv11M9CPW4I728d6TCKMAOJueEeB9/8o+eSsMnxPJD+Q+K909sdESg7C+tIkoH6on1A==
  dependencies:
    ansi-styles "^2.2.1"
    escape-string-regexp "^1.0.2"
    has-ansi "^2.0.0"
    strip-ansi "^3.0.0"
    supports-color "^2.0.0"

chalk@^2.4.2:
  version "2.4.2"
  resolved "https://registry.yarnpkg.com/chalk/-/chalk-2.4.2.tgz#cd42541677a54333cf541a49108c1432b44c9424"
  integrity sha512-Mti+f9lpJNcwF4tWV8/OrTTtF1gZi+f8FqlyAdouralcFWFQWF2+NgCHShjkCb+IFBLq9buZwE1xckQU4peSuQ==
  dependencies:
    ansi-styles "^3.2.1"
    escape-string-regexp "^1.0.5"
    supports-color "^5.3.0"

chalk@^4.1.0, chalk@^4.1.2:
  version "4.1.2"
  resolved "https://registry.yarnpkg.com/chalk/-/chalk-4.1.2.tgz#aac4e2b7734a740867aeb16bf02aad556a1e7a01"
  integrity sha512-oKnbhFyRIXpUuez8iBMmyEa4nbj4IOQyuhc/wy9kY7/WVPcwIO9VA668Pu8RkO7+0G76SLROeyw9CpQ061i4mA==
  dependencies:
    ansi-styles "^4.1.0"
    supports-color "^7.1.0"

coffeescript@^2.3.2:
  version "2.7.0"
  resolved "https://registry.yarnpkg.com/coffeescript/-/coffeescript-2.7.0.tgz#a43ec03be6885d6d1454850ea70b9409c391279c"
  integrity sha512-hzWp6TUE2d/jCcN67LrW1eh5b/rSDKQK6oD6VMLlggYVUUFexgTH9z3dNYihzX4RMhze5FTUsUmOXViJKFQR/A==

color-convert@^1.9.0:
  version "1.9.3"
  resolved "https://registry.yarnpkg.com/color-convert/-/color-convert-1.9.3.tgz#bb71850690e1f136567de629d2d5471deda4c1e8"
  integrity sha512-QfAUtd+vFdAtFQcC8CCyYt1fYWxSqAiK2cSD6zDB8N3cpsEBAvRxp9zOGg6G/SHHJYAT88/az/IuDGALsNVbGg==
  dependencies:
    color-name "1.1.3"

color-convert@^2.0.1:
  version "2.0.1"
  resolved "https://registry.yarnpkg.com/color-convert/-/color-convert-2.0.1.tgz#72d3a68d598c9bdb3af2ad1e84f21d896abd4de3"
  integrity sha512-RRECPsj7iu/xb5oKYcsFHSppFNnsj/52OVTRKb4zP5onXwVF3zVmmToNcOfGC+CRDpfK/U584fMg38ZHCaElKQ==
  dependencies:
    color-name "~1.1.4"

color-name@1.1.3:
  version "1.1.3"
  resolved "https://registry.yarnpkg.com/color-name/-/color-name-1.1.3.tgz#a7d0558bd89c42f795dd42328f740831ca53bc25"
  integrity sha512-72fSenhMw2HZMTVHeCA9KCmpEIbzWiQsjN+BHcBbS9vr1mtt+vJjPdksIBNUmKAW8TFUDPJK5SUU3QhE9NEXDw==

color-name@~1.1.4:
  version "1.1.4"
  resolved "https://registry.yarnpkg.com/color-name/-/color-name-1.1.4.tgz#c2a09a87acbde69543de6f63fa3995c826c536a2"
  integrity sha512-dOy+3AuW3a2wNbZHIuMZpTcgjGuLU/uBL/ubcZF9OXbDo8ff4O8yVp5Bf0efS8uEoYo5q4Fx7dY9OgQGXgAsQA==

colors@~1.1.2:
  version "1.1.2"
  resolved "https://registry.yarnpkg.com/colors/-/colors-1.1.2.tgz#168a4701756b6a7f51a12ce0c97bfa28c084ed63"
  integrity sha512-ENwblkFQpqqia6b++zLD/KUWafYlVY/UNnAp7oz7LY7E924wmpye416wBOmvv/HMWzl8gL1kJlfvId/1Dg176w==

concat-map@0.0.1:
  version "0.0.1"
  resolved "https://registry.yarnpkg.com/concat-map/-/concat-map-0.0.1.tgz#d8a96bd77fd68df7793a73036a3ba0d5405d477b"
  integrity sha512-/Srv4dswyQNBfohGpz9o6Yb3Gz3SrUDqBH5rTuhGR7ahtlbYKnVxw2bCFMRljaA7EXHaXZ8wsHdodFvbkhKmqg==

css-parse@~2.0.0:
  version "2.0.0"
  resolved "https://registry.yarnpkg.com/css-parse/-/css-parse-2.0.0.tgz#a468ee667c16d81ccf05c58c38d2a97c780dbfd4"
  integrity sha512-UNIFik2RgSbiTwIW1IsFwXWn6vs+bYdq83LKTSOsx7NJR7WII9dxewkHLltfTLVppoUApHV0118a4RZRI9FLwA==
  dependencies:
    css "^2.0.0"

css@^2.0.0:
  version "2.2.4"
  resolved "https://registry.yarnpkg.com/css/-/css-2.2.4.tgz#c646755c73971f2bba6a601e2cf2fd71b1298929"
  integrity sha512-oUnjmWpy0niI3x/mPL8dVEI1l7MnG3+HHyRPHf+YFSbK+svOhXpmSOcDURUh2aOCgl2grzrOPt1nHLuCVFULLw==
  dependencies:
    inherits "^2.0.3"
    source-map "^0.6.1"
    source-map-resolve "^0.5.2"
    urix "^0.1.0"

dateformat@~4.6.2:
  version "4.6.3"
  resolved "https://registry.yarnpkg.com/dateformat/-/dateformat-4.6.3.tgz#556fa6497e5217fedb78821424f8a1c22fa3f4b5"
  integrity sha512-2P0p0pFGzHS5EMnhdxQi7aJN+iMheud0UhG4dlE1DLAlvL8JHjJJTX/CSm4JXwV0Ka5nGk3zC5mcb5bUQUxxMA==

debug@~3.1.0:
  version "3.1.0"
  resolved "https://registry.yarnpkg.com/debug/-/debug-3.1.0.tgz#5bb5a0672628b64149566ba16819e61518c67261"
  integrity sha512-OX8XqP7/1a9cqkxYw2yXss15f26NKWBpDXQd0/uK/KPqdQhxbPa994hnzjcE2VqQpDslf55723cKPUOGSmMY3g==
  dependencies:
    ms "2.0.0"

decode-uri-component@^0.2.0:
  version "0.2.2"
  resolved "https://registry.yarnpkg.com/decode-uri-component/-/decode-uri-component-0.2.2.tgz#e69dbe25d37941171dd540e024c444cd5188e1e9"
  integrity sha512-FqUYQ+8o158GyGTrMFJms9qh3CqTKvAqgqsTnkLI8sKu0028orqBhxNMFkFen0zGyg6epACD32pjVk58ngIErQ==

detect-file@^1.0.0:
  version "1.0.0"
  resolved "https://registry.yarnpkg.com/detect-file/-/detect-file-1.0.0.tgz#f0d66d03672a825cb1b73bdb3fe62310c8e552b7"
  integrity sha512-DtCOLG98P007x7wiiOmfI0fi3eIKyWiLTGJ2MDnVi/E04lWGbf+JzrRHMm0rgIIZJGtHpKpbVgLWHrv8xXpc3Q==

domready@0.x:
  version "0.3.0"
  resolved "https://registry.yarnpkg.com/domready/-/domready-0.3.0.tgz#b3740facbd09163018152d12aec239383e102175"
  integrity sha512-0w07yqKSi2caAo0qESL8Ou+ZkDfOrzxyJzSvJEdKmjOzPobPo7d4QFxpLjrq8zmigWP2mh2i/5F53NKSkPIqbA==

duplexer@^0.1.1:
  version "0.1.2"
  resolved "https://registry.yarnpkg.com/duplexer/-/duplexer-0.1.2.tgz#3abe43aef3835f8ae077d136ddce0f276b0400e6"
  integrity sha512-jtD6YG370ZCIi/9GTaJKQxWTZD045+4R4hTk/x1UyoqadyJ9x9CgSi1RlVDQF8U2sxLLSnFkCaMihqljHIWgMg==

es-errors@^1.3.0:
  version "1.3.0"
  resolved "https://registry.yarnpkg.com/es-errors/-/es-errors-1.3.0.tgz#05f75a25dab98e4fb1dcd5e1472c0546d5057c8f"
  integrity sha512-Zf5H2Kxt2xjTvbJvP2ZWLEICxA6j+hAmMzIlypy4xcBg1vKVnx89Wy0GbS+kf5cwCVFFzdCFh2XSCFNULS6csw==

escape-string-regexp@^1.0.2, escape-string-regexp@^1.0.5:
  version "1.0.5"
  resolved "https://registry.yarnpkg.com/escape-string-regexp/-/escape-string-regexp-1.0.5.tgz#1b61c0562190a8dff6ae3bb2cf0200ca130b86d4"
  integrity sha512-vbRorB5FUQWvla16U8R/qgaFIya2qGzwDrNmCZuYKrbdSUMG6I1ZCGQRefkRVhuOkIGVne7BQ35DSfo1qvJqFg==

esprima@^4.0.0:
  version "4.0.1"
  resolved "https://registry.yarnpkg.com/esprima/-/esprima-4.0.1.tgz#13b04cdb3e6c5d19df91ab6987a8695619b0aa71"
  integrity sha512-eGuFFw7Upda+g4p+QHvnW0RyTX/SVeJBDM/gCtMARO0cLuT2HcEKnTPvhjV6aGeqrCB/sbNop0Kszm0jsaWU4A==

eventemitter2@~0.4.13:
  version "0.4.14"
  resolved "https://registry.yarnpkg.com/eventemitter2/-/eventemitter2-0.4.14.tgz#8f61b75cde012b2e9eb284d4545583b5643b61ab"
  integrity sha512-K7J4xq5xAD5jHsGM5ReWXRTFa3JRGofHiMcVgQ8PRwgWxzjHpMWCIzsmyf60+mh8KLsqYPcjUMa0AC4hd6lPyQ==

exit-x@~0.2.2:
  version "0.2.2"
  resolved "https://registry.yarnpkg.com/exit-x/-/exit-x-0.2.2.tgz#1f9052de3b8d99a696b10dad5bced9bdd5c3aa64"
  integrity sha512-+I6B/IkJc1o/2tiURyz/ivu/O0nKNEArIUB5O7zBrlDVJr22SCLH3xTeEry428LvFhRzIA1g8izguxJ/gbNcVQ==

exit@~0.1.2:
  version "0.1.2"
  resolved "https://registry.yarnpkg.com/exit/-/exit-0.1.2.tgz#0632638f8d877cc82107d30a0fff1a17cba1cd0c"
  integrity sha512-Zk/eNKV2zbjpKzrsQ+n1G6poVbErQxJ0LBOJXaKZ1EViLzH+hrLu9cdXI4zw9dBQJslwBEpbQ2P1oS7nDxs6jQ==

expand-tilde@^2.0.0, expand-tilde@^2.0.2:
  version "2.0.2"
  resolved "https://registry.yarnpkg.com/expand-tilde/-/expand-tilde-2.0.2.tgz#97e801aa052df02454de46b02bf621642cdc8502"
  integrity sha512-A5EmesHW6rfnZ9ysHQjPdJRni0SRar0tjtG5MNtm9n5TUvsYU8oozprtRD4AqHxcZWWlVuAmQo2nWKfN9oyjTw==
  dependencies:
    homedir-polyfill "^1.0.1"

expect.js@*:
  version "0.3.1"
  resolved "https://registry.yarnpkg.com/expect.js/-/expect.js-0.3.1.tgz#b0a59a0d2eff5437544ebf0ceaa6015841d09b5b"
  integrity sha512-okDF/FAPEul1ZFLae4hrgpIqAeapoo5TRdcg/lD0iN9S3GWrBFIJwNezGH1DMtIz+RxU4RrFmMq7WUUvDg3J6A==

extend@^3.0.2:
  version "3.0.2"
  resolved "https://registry.yarnpkg.com/extend/-/extend-3.0.2.tgz#f8b1136b4071fbd8eb140aff858b1019ec2915fa"
  integrity sha512-fjquC59cD7CyW6urNXK0FBufkZcoiGG80wTuPujX590cB5Ttln20E2UB4S/WARVqhXffZl2LNgS+gQdPIIim/g==

figures@^3.2.0:
  version "3.2.0"
  resolved "https://registry.yarnpkg.com/figures/-/figures-3.2.0.tgz#625c18bd293c604dc4a8ddb2febf0c88341746af"
  integrity sha512-yaduQFRKLXYOGgEn6AZau90j3ggSOyiqXU0F9JZfeXYhNa+Jk4X+s45A2zg5jns87GAFa34BBm2kXw4XpNcbdg==
  dependencies:
    escape-string-regexp "^1.0.5"

fill-range@^7.1.1:
  version "7.1.1"
  resolved "https://registry.yarnpkg.com/fill-range/-/fill-range-7.1.1.tgz#44265d3cac07e3ea7dc247516380643754a05292"
  integrity sha512-YsGpe3WHLK8ZYi4tWDg2Jy3ebRz2rXowDxnld4bkQB00cc/1Zw9AWnC0i9ztDJitivtQvaI9KaLyKrc+hBW0yg==
  dependencies:
    to-regex-range "^5.0.1"

findup-sync@^4.0.0:
  version "4.0.0"
  resolved "https://registry.yarnpkg.com/findup-sync/-/findup-sync-4.0.0.tgz#956c9cdde804052b881b428512905c4a5f2cdef0"
  integrity sha512-6jvvn/12IC4quLBL1KNokxC7wWTvYncaVUYSoxWw7YykPLuRrnv4qdHcSOywOI5RpkOVGeQRtWM8/q+G6W6qfQ==
  dependencies:
    detect-file "^1.0.0"
    is-glob "^4.0.0"
    micromatch "^4.0.2"
    resolve-dir "^1.0.1"

findup-sync@~5.0.0:
  version "5.0.0"
  resolved "https://registry.yarnpkg.com/findup-sync/-/findup-sync-5.0.0.tgz#54380ad965a7edca00cc8f63113559aadc541bd2"
  integrity sha512-MzwXju70AuyflbgeOhzvQWAvvQdo1XL0A9bVvlXsYcFEBM87WR4OakL4OfZq+QRmr+duJubio+UtNQCPsVESzQ==
  dependencies:
    detect-file "^1.0.0"
    is-glob "^4.0.3"
    micromatch "^4.0.4"
    resolve-dir "^1.0.1"

fined@^1.2.0:
  version "1.2.0"
  resolved "https://registry.yarnpkg.com/fined/-/fined-1.2.0.tgz#d00beccf1aa2b475d16d423b0238b713a2c4a37b"
  integrity sha512-ZYDqPLGxDkDhDZBjZBb+oD1+j0rA4E0pXY50eplAAOPg2N/gUBSSk5IM1/QhPfyVo19lJ+CvXpqfvk+b2p/8Ng==
  dependencies:
    expand-tilde "^2.0.2"
    is-plain-object "^2.0.3"
    object.defaults "^1.1.0"
    object.pick "^1.2.0"
    parse-filepath "^1.0.1"

flagged-respawn@^1.0.1:
  version "1.0.1"
  resolved "https://registry.yarnpkg.com/flagged-respawn/-/flagged-respawn-1.0.1.tgz#e7de6f1279ddd9ca9aac8a5971d618606b3aab41"
  integrity sha512-lNaHNVymajmk0OJMBn8fVUAU1BtDeKIqKoVhk4xAALB57aALg6b4W0MfJ/cUE0g9YBXy5XhSlPIpYIJ7HaY/3Q==

for-in@^1.0.1:
  version "1.0.2"
  resolved "https://registry.yarnpkg.com/for-in/-/for-in-1.0.2.tgz#81068d295a8142ec0ac726c6e2200c30fb6d5e80"
  integrity sha512-7EwmXrOjyL+ChxMhmG5lnW9MPt1aIeZEwKhQzoBUdTV0N3zuwWDZYVJatDvZ2OyzPUvdIAZDsCetk3coyMfcnQ==

for-own@^1.0.0:
  version "1.0.0"
  resolved "https://registry.yarnpkg.com/for-own/-/for-own-1.0.0.tgz#c63332f415cedc4b04dbfe70cf836494c53cb44b"
  integrity sha512-0OABksIGrxKK8K4kynWkQ7y1zounQxP+CWnyclVwj81KW3vlLlGUx57DKGcP/LH216GzqnstnPocF16Nxs0Ycg==
  dependencies:
    for-in "^1.0.1"

fs.realpath@^1.0.0:
  version "1.0.0"
  resolved "https://registry.yarnpkg.com/fs.realpath/-/fs.realpath-1.0.0.tgz#1504ad2523158caa40db4a2787cb01411994ea4f"
  integrity sha512-OO0pH2lK6a0hZnAdau5ItzHPI6pUlvI7jMVnxUQRtw4owF2wk8lOSabtGDCTP4Ggrg2MbGnWO9X8K1t4+fGMDw==

function-bind@^1.1.2:
  version "1.1.2"
  resolved "https://registry.yarnpkg.com/function-bind/-/function-bind-1.1.2.tgz#2c02d864d97f3ea6c8830c464cbd11ab6eab7a1c"
  integrity sha512-7XHNxH7qX9xG5mIwxkhumTox/MIRNcOgDrxWsMt2pAr23WHp6MrRlN7FBSFpCpr+oVO0F744iUgR82nJMfG2SA==

getobject@~1.0.0:
  version "1.0.2"
  resolved "https://registry.yarnpkg.com/getobject/-/getobject-1.0.2.tgz#25ec87a50370f6dcc3c6ba7ef43c4c16215c4c89"
  integrity sha512-2zblDBaFcb3rB4rF77XVnuINOE2h2k/OnqXAiy0IrTxUfV1iFp3la33oAQVY9pCpWU268WFYVt2t71hlMuLsOg==

glob@^7.1.3, glob@^7.1.6:
  version "7.2.3"
  resolved "https://registry.yarnpkg.com/glob/-/glob-7.2.3.tgz#b8df0fb802bbfa8e89bd1d938b4e16578ed44f2b"
  integrity sha512-nFR0zLpU2YCaRxwoCJvL6UvCH2JFyFVIvwTLsIf21AuHlMskA1hhTdk+LlYJtOlYt9v6dvszD2BGRqBL+iQK9Q==
  dependencies:
    fs.realpath "^1.0.0"
    inflight "^1.0.4"
    inherits "2"
    minimatch "^3.1.1"
    once "^1.3.0"
    path-is-absolute "^1.0.0"

glob@~7.1.6:
  version "7.1.7"
  resolved "https://registry.yarnpkg.com/glob/-/glob-7.1.7.tgz#3b193e9233f01d42d0b3f78294bbeeb418f94a90"
  integrity sha512-OvD9ENzPLbegENnYP5UUfJIirTg4+XwMWGaQfQTY0JenxNvvIKP3U3/tAQSPIu/lHxXYSZmpXlUHeqAIdKzBLQ==
  dependencies:
    fs.realpath "^1.0.0"
    inflight "^1.0.4"
    inherits "2"
    minimatch "^3.0.4"
    once "^1.3.0"
    path-is-absolute "^1.0.0"

global-modules@^1.0.0:
  version "1.0.0"
  resolved "https://registry.yarnpkg.com/global-modules/-/global-modules-1.0.0.tgz#6d770f0eb523ac78164d72b5e71a8877265cc3ea"
  integrity sha512-sKzpEkf11GpOFuw0Zzjzmt4B4UZwjOcG757PPvrfhxcLFbq0wpsgpOqxpxtxFiCG4DtG93M6XRVbF2oGdev7bg==
  dependencies:
    global-prefix "^1.0.1"
    is-windows "^1.0.1"
    resolve-dir "^1.0.0"

global-prefix@^1.0.1:
  version "1.0.2"
  resolved "https://registry.yarnpkg.com/global-prefix/-/global-prefix-1.0.2.tgz#dbf743c6c14992593c655568cb66ed32c0122ebe"
  integrity sha512-5lsx1NUDHtSjfg0eHlmYvZKv8/nVqX4ckFbM+FrGcQ+04KWcWFo9P5MxPZYSzUvyzmdTbI7Eix8Q4IbELDqzKg==
  dependencies:
    expand-tilde "^2.0.2"
    homedir-polyfill "^1.0.1"
    ini "^1.3.4"
    is-windows "^1.0.1"
    which "^1.2.14"

grunt-cli@^1.4.3:
  version "1.5.0"
  resolved "https://registry.yarnpkg.com/grunt-cli/-/grunt-cli-1.5.0.tgz#24fa92225946b2002c535c7583a003e15203876f"
  integrity sha512-rILKAFoU0dzlf22SUfDtq2R1fosChXXlJM5j7wI6uoW8gwmXDXzbUvirlKZSYCdXl3LXFbR+8xyS+WFo+b6vlA==
  dependencies:
    grunt-known-options "~2.0.0"
    interpret "~1.1.0"
    liftup "~3.0.1"
    nopt "~5.0.0"
    v8flags "^4.0.1"

grunt-contrib-clean@*:
  version "2.0.1"
  resolved "https://registry.yarnpkg.com/grunt-contrib-clean/-/grunt-contrib-clean-2.0.1.tgz#062e8019d31bfca35af8929a2ee1063c6c46dd2d"
  integrity sha512-uRvnXfhiZt8akb/ZRDHJpQQtkkVkqc/opWO4Po/9ehC2hPxgptB9S6JHDC/Nxswo4CJSM0iFPT/Iym3cEMWzKA==
  dependencies:
    async "^3.2.3"
    rimraf "^2.6.2"

grunt-contrib-coffee@*:
  version "2.1.0"
  resolved "https://registry.yarnpkg.com/grunt-contrib-coffee/-/grunt-contrib-coffee-2.1.0.tgz#6c39a8472f8c4f773399a49c181ea2aab27846a2"
  integrity sha512-lgP+pPY3mHl+gqAU0T+7BcocBWu0FyeeJnAG/iIp2I0GPa5LvZJ7Wqga6QwKQtQCTs+1gPEa12nuap9Lj08lhw==
  dependencies:
    chalk "^2.4.2"
    coffeescript "^2.3.2"
    lodash "^4.17.11"
    uri-path "^1.0.0"

grunt-contrib-concat@*:
  version "2.1.0"
  resolved "https://registry.yarnpkg.com/grunt-contrib-concat/-/grunt-contrib-concat-2.1.0.tgz#9ac62117a18b48d1bfccb3eef46c960bbd163d75"
  integrity sha512-Vnl95JIOxfhEN7bnYIlCgQz41kkbi7tsZ/9a4usZmxNxi1S2YAIOy8ysFmO8u4MN26Apal1O106BwARdaNxXQw==
  dependencies:
    chalk "^4.1.2"
    source-map "^0.5.3"

grunt-contrib-stylus@*:
  version "1.2.0"
  resolved "https://registry.yarnpkg.com/grunt-contrib-stylus/-/grunt-contrib-stylus-1.2.0.tgz#47d446ef0544496eff9da418d00f5774543472bb"
  integrity sha512-L+XT68YNgvpucbwczexLhkCXYcQdI1ozQZprSuFzMY8/sodFWD3gZfqSu/HUeK87g/ov09Yla24mMiNBhfaKcg==
  dependencies:
    async "^1.5.2"
    chalk "^1.0.0"
    lodash "^4.0.0"
    nib "^1.1.0"
    stylus "^0.54.0"

grunt-contrib-uglify@*:
  version "5.2.2"
  resolved "https://registry.yarnpkg.com/grunt-contrib-uglify/-/grunt-contrib-uglify-5.2.2.tgz#447c0b58451a1fca20768371e07e723a870dfe98"
  integrity sha512-ITxiWxrjjP+RZu/aJ5GLvdele+sxlznh+6fK9Qckio5ma8f7Iv8woZjRkGfafvpuygxNefOJNc+hfjjBayRn2Q==
  dependencies:
    chalk "^4.1.2"
    maxmin "^3.0.0"
    uglify-js "^3.16.1"
    uri-path "^1.0.0"

grunt-known-options@~2.0.0:
  version "2.0.0"
  resolved "https://registry.yarnpkg.com/grunt-known-options/-/grunt-known-options-2.0.0.tgz#cac641e897f9a0a680b8c9839803d35f3325103c"
  integrity sha512-GD7cTz0I4SAede1/+pAbmJRG44zFLPipVtdL9o3vqx9IEyb7b4/Y3s7r6ofI3CchR5GvYJ+8buCSioDv5dQLiA==

grunt-legacy-log-utils@^2.1.3:
  version "2.1.3"
  resolved "https://registry.yarnpkg.com/grunt-legacy-log-utils/-/grunt-legacy-log-utils-2.1.3.tgz#37821dd2c26550bbb5c283aad1d124f977359b2d"
  integrity sha512-sgG+QvKmdb44wZyzJP+ejDsy3jYxG2wzohpol+JTMlXqMUBDoZb01JPQ5jKAedtZBFwhmABAc88T9hEBLy3U+Q==
  dependencies:
    chalk "^4.1.0"

grunt-legacy-log@~3.0.0:
  version "3.0.1"
  resolved "https://registry.yarnpkg.com/grunt-legacy-log/-/grunt-legacy-log-3.0.1.tgz#d7da4a6ddf34b7b47041c84f6e901e9645909fde"
  integrity sha512-vytI3IUC8qUK9TcvvpHpGJzDojua/sfJV4TdLB4FtCFzospqduzBuL3+dEfpvO+tGECv7/273+33hjjMXSa92g==
  dependencies:
    colors "~1.1.2"
    grunt-legacy-log-utils "^2.1.3"
    hooker "~0.2.3"
    lodash "^4.18.0"

grunt-legacy-util@~2.0.1:
  version "2.0.2"
  resolved "https://registry.yarnpkg.com/grunt-legacy-util/-/grunt-legacy-util-2.0.2.tgz#e8582f120baf7ffc9716dc0b5459f656ac8c19ff"
  integrity sha512-0xoDILyR4BVJel5uJwnhjdWN9evOQ8A0uXbQUIJ0hgVthIA6kloXHSoqATQPj6BRrHrHkcQtCeGVb0ixFoHyEQ==
  dependencies:
    async "~3.2.0"
    exit-x "~0.2.2"
    getobject "~1.0.0"
    hooker "~0.2.3"
    lodash "^4.18.0"
    underscore.string "~3.3.5"
    which "~2.0.2"

grunt@^1.6.2:
  version "1.6.2"
  resolved "https://registry.yarnpkg.com/grunt/-/grunt-1.6.2.tgz#7d8223bf49819dcdfd53075393aa8c9d80cfe38e"
  integrity sha512-bUzh5nA/P5L66ihXTDP6J5BGnMB/8lXJXejYWSbH4Y4TvWM9t2S39sggQDYYQlx06cYcCsmu63HMYHGCIzUVfg==
  dependencies:
    dateformat "~4.6.2"
    eventemitter2 "~0.4.13"
    exit "~0.1.2"
    findup-sync "~5.0.0"
    glob "~7.1.6"
    grunt-cli "^1.4.3"
    grunt-known-options "~2.0.0"
    grunt-legacy-log "~3.0.0"
    grunt-legacy-util "~2.0.1"
    iconv-lite "~0.6.3"
    js-yaml "~3.14.0"
    minimatch "^3.1.5"
    nopt "^5.0.0"

gzip-size@^5.1.1:
  version "5.1.1"
  resolved "https://registry.yarnpkg.com/gzip-size/-/gzip-size-5.1.1.tgz#cb9bee692f87c0612b232840a873904e4c135274"
  integrity sha512-FNHi6mmoHvs1mxZAds4PpdCS6QG8B4C1krxJsMutgxl5t3+GlRTzzI3NEkifXx2pVsOvJdOGSmIgDhQ55FwdPA==
  dependencies:
    duplexer "^0.1.1"
    pify "^4.0.1"

has-ansi@^2.0.0:
  version "2.0.0"
  resolved "https://registry.yarnpkg.com/has-ansi/-/has-ansi-2.0.0.tgz#34f5049ce1ecdf2b0649af3ef24e45ed35416d91"
  integrity sha512-C8vBJ8DwUCx19vhm7urhTuUsr4/IyP6l4VzNQDv+ryHQObW3TTTp9yB68WpYgRe2bbaGuZ/se74IqFeVnMnLZg==
  dependencies:
    ansi-regex "^2.0.0"

has-flag@^3.0.0:
  version "3.0.0"
  resolved "https://registry.yarnpkg.com/has-flag/-/has-flag-3.0.0.tgz#b5d454dc2199ae225699f3467e5a07f3b955bafd"
  integrity sha512-sKJf1+ceQBr4SMkvQnBDNDtf4TXpVhVGateu0t918bl30FnbE2m4vNLX+VWe/dpjlb+HugGYzW7uQXH98HPEYw==

has-flag@^4.0.0:
  version "4.0.0"
  resolved "https://registry.yarnpkg.com/has-flag/-/has-flag-4.0.0.tgz#944771fd9c81c81265c4d6941860da06bb59479b"
  integrity sha512-EykJT/Q1KjTWctppgIAgfSO0tKVuZUjhgMr17kqTumMl6Afv3EISleU7qZUzoXDFTAHTDC4NOoG/ZxU3EvlMPQ==

hasown@^2.0.2:
  version "2.0.3"
  resolved "https://registry.yarnpkg.com/hasown/-/hasown-2.0.3.tgz#5e5c2b15b60370a4c7930c383dfb76bf17bc403c"
  integrity sha512-ej4AhfhfL2Q2zpMmLo7U1Uv9+PyhIZpgQLGT1F9miIGmiCJIoCgSmczFdrc97mWT4kVY72KA+WnnhJ5pghSvSg==
  dependencies:
    function-bind "^1.1.2"

homedir-polyfill@^1.0.1:
  version "1.0.3"
  resolved "https://registry.yarnpkg.com/homedir-polyfill/-/homedir-polyfill-1.0.3.tgz#743298cef4e5af3e194161fbadcc2151d3a058e8"
  integrity sha512-eSmmWE5bZTK2Nou4g0AI3zZ9rswp7GRKoKXS1BLUkvPviOqs4YTN1djQIqrXy9k5gEtdLPy86JjRwsNM9tnDcA==
  dependencies:
    parse-passwd "^1.0.0"

hooker@~0.2.3:
  version "0.2.3"
  resolved "https://registry.yarnpkg.com/hooker/-/hooker-0.2.3.tgz#b834f723cc4a242aa65963459df6d984c5d3d959"
  integrity sha512-t+UerCsQviSymAInD01Pw+Dn/usmz1sRO+3Zk1+lx8eg+WKpD2ulcwWqHHL0+aseRBr+3+vIhiG1K1JTwaIcTA==

iconv-lite@~0.6.3:
  version "0.6.3"
  resolved "https://registry.yarnpkg.com/iconv-lite/-/iconv-lite-0.6.3.tgz#a52f80bf38da1952eb5c681790719871a1a72501"
  integrity sha512-4fCk79wshMdzMp2rH06qWrJE4iolqLhCUH+OiuIgU++RB0+94NlDL81atO7GX55uUKueo0txHNtvEyI6D7WdMw==
  dependencies:
    safer-buffer ">= 2.1.2 < 3.0.0"

inflight@^1.0.4:
  version "1.0.6"
  resolved "https://registry.yarnpkg.com/inflight/-/inflight-1.0.6.tgz#49bd6331d7d02d0c09bc910a1075ba8165b56df9"
  integrity sha512-k92I/b08q4wvFscXCLvqfsHCrjrF7yiXsQuIVvVE7N82W3+aqpzuUdBbfhWcy/FZR3/4IgflMgKLOsvPDrGCJA==
  dependencies:
    once "^1.3.0"
    wrappy "1"

inherits@2, inherits@^2.0.3:
  version "2.0.4"
  resolved "https://registry.yarnpkg.com/inherits/-/inherits-2.0.4.tgz#0fa2c64f932917c3433a0ded55363aae37416b7c"
  integrity sha512-k/vGaX4/Yla3WzyMCvTQOXYeIHvqOKtnqBduzTHpzpQZzAskKMhZ2K+EnBiSM9zGSoIFeMpXKxa4dYeZIQqewQ==

ini@^1.3.4:
  version "1.3.8"
  resolved "https://registry.yarnpkg.com/ini/-/ini-1.3.8.tgz#a29da425b48806f34767a4efce397269af28432c"
  integrity sha512-JV/yugV2uzW5iMRSiZAyDtQd+nxtUnjeLt0acNdw98kKLrvuRVyB80tsREOE7yvGVgalhZ6RNXCmEHkUKBKxew==

interpret@~1.1.0:
  version "1.1.0"
  resolved "https://registry.yarnpkg.com/interpret/-/interpret-1.1.0.tgz#7ed1b1410c6a0e0f78cf95d3b8440c63f78b8614"
  integrity sha512-CLM8SNMDu7C5psFCn6Wg/tgpj/bKAg7hc2gWqcuR9OD5Ft9PhBpIu8PLicPeis+xDd6YX2ncI8MCA64I9tftIA==

is-absolute@^1.0.0:
  version "1.0.0"
  resolved "https://registry.yarnpkg.com/is-absolute/-/is-absolute-1.0.0.tgz#395e1ae84b11f26ad1795e73c17378e48a301576"
  integrity sha512-dOWoqflvcydARa360Gvv18DZ/gRuHKi2NU/wU5X1ZFzdYfH29nkiNZsF3mp4OJ3H4yo9Mx8A/uAGNzpzPN3yBA==
  dependencies:
    is-relative "^1.0.0"
    is-windows "^1.0.1"

is-core-module@^2.16.1:
  version "2.16.1"
  resolved "https://registry.yarnpkg.com/is-core-module/-/is-core-module-2.16.1.tgz#2a98801a849f43e2add644fbb6bc6229b19a4ef4"
  integrity sha512-UfoeMA6fIJ8wTYFEUjelnaGI67v6+N7qXJEvQuIGa99l4xsCruSYOVSQ0uPANn4dAzm8lkYPaKLrrijLq7x23w==
  dependencies:
    hasown "^2.0.2"

is-extglob@^2.1.1:
  version "2.1.1"
  resolved "https://registry.yarnpkg.com/is-extglob/-/is-extglob-2.1.1.tgz#a88c02535791f02ed37c76a1b9ea9773c833f8c2"
  integrity sha512-SbKbANkN603Vi4jEZv49LeVJMn4yGwsbzZworEoyEiutsN3nJYdbO36zfhGJ6QEDpOZIFkDtnq5JRxmvl3jsoQ==

is-glob@^4.0.0, is-glob@^4.0.3:
  version "4.0.3"
  resolved "https://registry.yarnpkg.com/is-glob/-/is-glob-4.0.3.tgz#64f61e42cbbb2eec2071a9dac0b28ba1e65d5084"
  integrity sha512-xelSayHH36ZgE7ZWhli7pW34hNbNl8Ojv5KVmkJD4hBdD3th8Tfk9vYasLM+mXWOZhFkgZfxhLSnrwRr4elSSg==
  dependencies:
    is-extglob "^2.1.1"

is-number@^7.0.0:
  version "7.0.0"
  resolved "https://registry.yarnpkg.com/is-number/-/is-number-7.0.0.tgz#7535345b896734d5f80c4d06c50955527a14f12b"
  integrity sha512-41Cifkg6e8TylSpdtTpeLVMqvSBEVzTttHvERD741+pnZ8ANv0004MRL43QKPDlK9cGvNp6NZWZUBlbGXYxxng==

is-plain-object@^2.0.3, is-plain-object@^2.0.4:
  version "2.0.4"
  resolved "https://registry.yarnpkg.com/is-plain-object/-/is-plain-object-2.0.4.tgz#2c163b3fafb1b606d9d17928f05c2a1c38e07677"
  integrity sha512-h5PpgXkWitc38BBMYawTYMWJHFZJVnBquFE57xFpjB8pJFiF6gZ+bU+WyI/yqXiFR5mdLsgYNaPe8uao6Uv9Og==
  dependencies:
    isobject "^3.0.1"

is-relative@^1.0.0:
  version "1.0.0"
  resolved "https://registry.yarnpkg.com/is-relative/-/is-relative-1.0.0.tgz#a1bb6935ce8c5dba1e8b9754b9b2dcc020e2260d"
  integrity sha512-Kw/ReK0iqwKeu0MITLFuj0jbPAmEiOsIwyIXvvbfa6QfmN9pkD1M+8pdk7Rl/dTKbH34/XBFMbgD4iMJhLQbGA==
  dependencies:
    is-unc-path "^1.0.0"

is-unc-path@^1.0.0:
  version "1.0.0"
  resolved "https://registry.yarnpkg.com/is-unc-path/-/is-unc-path-1.0.0.tgz#d731e8898ed090a12c352ad2eaed5095ad322c9d"
  integrity sha512-mrGpVd0fs7WWLfVsStvgF6iEJnbjDFZh9/emhRDcGWTduTfNHd9CHeUwH3gYIjdbwo4On6hunkztwOaAw0yllQ==
  dependencies:
    unc-path-regex "^0.1.2"

is-windows@^1.0.1:
  version "1.0.2"
  resolved "https://registry.yarnpkg.com/is-windows/-/is-windows-1.0.2.tgz#d1850eb9791ecd18e6182ce12a30f396634bb19d"
  integrity sha512-eXK1UInq2bPmjyX6e3VHIzMLobc4J94i4AWn+Hpq3OU5KkrRC96OAcR3PRJ/pGu6m8TRnBHP9dkXQVsT/COVIA==

isexe@^2.0.0:
  version "2.0.0"
  resolved "https://registry.yarnpkg.com/isexe/-/isexe-2.0.0.tgz#e8fbf374dc556ff8947a10dcb0572d633f2cfa10"
  integrity sha512-RHxMLp9lnKHGHRng9QFhRCMbYAcVpn69smSGcq3f36xjgVVWThj4qqLbTLlq7Ssj8B+fIQ1EuCEGI2lKsyQeIw==

isobject@^3.0.0, isobject@^3.0.1:
  version "3.0.1"
  resolved "https://registry.yarnpkg.com/isobject/-/isobject-3.0.1.tgz#4e431e92b11a9731636aa1f9c8d1ccbcfdab78df"
  integrity sha512-WhB9zCku7EGTj/HQQRz5aUQEUeoQZH2bWcltRErOpymJ4boYE6wL9Tbr23krRPSZ+C5zqNSrSw+Cc7sZZ4b7vg==

js-yaml@~3.14.0:
  version "3.14.2"
  resolved "https://registry.yarnpkg.com/js-yaml/-/js-yaml-3.14.2.tgz#77485ce1dd7f33c061fd1b16ecea23b55fcb04b0"
  integrity sha512-PMSmkqxr106Xa156c2M265Z+FTrPl+oxd/rgOQy2tijQeK5TxQ43psO1ZCwhVOSdnn+RzkzlRz/eY4BgJBYVpg==
  dependencies:
    argparse "^1.0.7"
    esprima "^4.0.0"

kind-of@^6.0.2:
  version "6.0.3"
  resolved "https://registry.yarnpkg.com/kind-of/-/kind-of-6.0.3.tgz#07c05034a6c349fa06e24fa35aa76db4580ce4dd"
  integrity sha512-dcS1ul+9tmeD95T+x28/ehLgd9mENa3LsvDTtzm3vyBEO7RPptvAD+t44WVXaUjTBRcrpFeFlC8WCruUR456hw==

liftup@~3.0.1:
  version "3.0.1"
  resolved "https://registry.yarnpkg.com/liftup/-/liftup-3.0.1.tgz#1cb81aff0f368464ed3a5f1a7286372d6b1a60ce"
  integrity sha512-yRHaiQDizWSzoXk3APcA71eOI/UuhEkNN9DiW2Tt44mhYzX4joFoCZlxsSOF7RyeLlfqzFLQI1ngFq3ggMPhOw==
  dependencies:
    extend "^3.0.2"
    findup-sync "^4.0.0"
    fined "^1.2.0"
    flagged-respawn "^1.0.1"
    is-plain-object "^2.0.4"
    object.map "^1.0.1"
    rechoir "^0.7.0"
    resolve "^1.19.0"

lodash@^4.0.0, lodash@^4.17.11, lodash@^4.18.0:
  version "4.18.1"
  resolved "https://registry.yarnpkg.com/lodash/-/lodash-4.18.1.tgz#ff2b66c1f6326d59513de2407bf881439812771c"
  integrity sha512-dMInicTPVE8d1e5otfwmmjlxkZoUpiVLwyeTdUsi/Caj/gfzzblBcCE5sRHV/AsjuCmxWrte2TNGSYuCeCq+0Q==

make-iterator@^1.0.0:
  version "1.0.1"
  resolved "https://registry.yarnpkg.com/make-iterator/-/make-iterator-1.0.1.tgz#29b33f312aa8f547c4a5e490f56afcec99133ad6"
  integrity sha512-pxiuXh0iVEq7VM7KMIhs5gxsfxCux2URptUQaXo4iZZJxBAzTPOLE2BumO5dbfVYq/hBJFBR/a1mFDmOx5AGmw==
  dependencies:
    kind-of "^6.0.2"

map-cache@^0.2.0:
  version "0.2.2"
  resolved "https://registry.yarnpkg.com/map-cache/-/map-cache-0.2.2.tgz#c32abd0bd6525d9b051645bb4f26ac5dc98a0dbf"
  integrity sha512-8y/eV9QQZCiyn1SprXSrCmqJN0yNRATe+PO8ztwqrvrbdRLA3eYJF0yaR0YayLWkMbsQSKWS9N2gPcGEc4UsZg==

maxmin@^3.0.0:
  version "3.0.0"
  resolved "https://registry.yarnpkg.com/maxmin/-/maxmin-3.0.0.tgz#3ee9acc8a2b9f2b5416e94f5705319df8a9c71e6"
  integrity sha512-wcahMInmGtg/7c6a75fr21Ch/Ks1Tb+Jtoan5Ft4bAI0ZvJqyOw8kkM7e7p8hDSzY805vmxwHT50KcjGwKyJ0g==
  dependencies:
    chalk "^4.1.0"
    figures "^3.2.0"
    gzip-size "^5.1.1"
    pretty-bytes "^5.3.0"

micromatch@^4.0.2, micromatch@^4.0.4:
  version "4.0.8"
  resolved "https://registry.yarnpkg.com/micromatch/-/micromatch-4.0.8.tgz#d66fa18f3a47076789320b9b1af32bd86d9fa202"
  integrity sha512-PXwfBhYu0hBCPw8Dn0E+WDYb7af3dSLVWKi3HGv84IdF4TyFoC0ysxFd0Goxw7nSv4T/PzEJQxsYsEiFCKo2BA==
  dependencies:
    braces "^3.0.3"
    picomatch "^2.3.1"

minimatch@^3.0.4, minimatch@^3.1.1, minimatch@^3.1.5:
  version "3.1.5"
  resolved "https://registry.yarnpkg.com/minimatch/-/minimatch-3.1.5.tgz#580c88f8d5445f2bd6aa8f3cadefa0de79fbd69e"
  integrity sha512-VgjWUsnnT6n+NUk6eZq77zeFdpW2LWDzP6zFGrCbHXiYNul5Dzqk2HHQ5uFH2DNW5Xbp8+jVzaeNt94ssEEl4w==
  dependencies:
    brace-expansion "^1.1.7"

mkdirp@~1.0.4:
  version "1.0.4"
  resolved "https://registry.yarnpkg.com/mkdirp/-/mkdirp-1.0.4.tgz#3eb5ed62622756d79a5f0e2a221dfebad75c2f7e"
  integrity sha512-vVqVZQyf3WLx2Shd0qJ9xuvqgAyKPLAiqITEtqW0oIUjzo3PePDd6fW9iFz30ef7Ysp/oiWqbhszeGWW2T6Gzw==

ms@2.0.0:
  version "2.0.0"
  resolved "https://registry.yarnpkg.com/ms/-/ms-2.0.0.tgz#5608aeadfc00be6c2901df5f9861788de0d597c8"
  integrity sha512-Tpp60P6IUJDTuOq/5Z8cdskzJujfwqfOTkrwIwj7IRISpnkJnT6SyJ4PCPnGMoFjC9ddhal5KVIYtAt97ix05A==

nib@^1.1.0:
  version "1.2.0"
  resolved "https://registry.yarnpkg.com/nib/-/nib-1.2.0.tgz#cf650a975307edaa8683470430f82ba132bf9f7b"
  integrity sha512-7HgrnMl/3yOmWykueO8/D0q+0iWwe7Z+CK2Eaq/xQV8w1hK80WN1oReRQkfkrztbAAnp/nTHkUSl5EcVkor6JQ==

nopt@^5.0.0, nopt@~5.0.0:
  version "5.0.0"
  resolved "https://registry.yarnpkg.com/nopt/-/nopt-5.0.0.tgz#530942bb58a512fccafe53fe210f13a25355dc88"
  integrity sha512-Tbj67rffqceeLpcRXrT7vKAN8CwfPeIBgM7E6iBkmKLV7bEMwpGgYLGv0jACUsECaa/vuxP0IjEont6umdMgtQ==
  dependencies:
    abbrev "1"

object.defaults@^1.1.0:
  version "1.1.0"
  resolved "https://registry.yarnpkg.com/object.defaults/-/object.defaults-1.1.0.tgz#3a7f868334b407dea06da16d88d5cd29e435fecf"
  integrity sha512-c/K0mw/F11k4dEUBMW8naXUuBuhxRCfG7W+yFy8EcijU/rSmazOUd1XAEEe6bC0OuXY4HUKjTJv7xbxIMqdxrA==
  dependencies:
    array-each "^1.0.1"
    array-slice "^1.0.0"
    for-own "^1.0.0"
    isobject "^3.0.0"

object.map@^1.0.1:
  version "1.0.1"
  resolved "https://registry.yarnpkg.com/object.map/-/object.map-1.0.1.tgz#cf83e59dc8fcc0ad5f4250e1f78b3b81bd801d37"
  integrity sha512-3+mAJu2PLfnSVGHwIWubpOFLscJANBKuB/6A4CxBstc4aqwQY0FWcsppuy4jU5GSB95yES5JHSI+33AWuS4k6w==
  dependencies:
    for-own "^1.0.0"
    make-iterator "^1.0.0"

object.pick@^1.2.0:
  version "1.3.0"
  resolved "https://registry.yarnpkg.com/object.pick/-/object.pick-1.3.0.tgz#87a10ac4c1694bd2e1cbf53591a66141fb5dd747"
  integrity sha512-tqa/UMy/CCoYmj+H5qc07qvSL9dqcs/WZENZ1JbtWBlATP+iVOe778gE6MSijnyCnORzDuX6hU+LA4SZ09YjFQ==
  dependencies:
    isobject "^3.0.1"

once@^1.3.0:
  version "1.4.0"
  resolved "https://registry.yarnpkg.com/once/-/once-1.4.0.tgz#583b1aa775961d4b113ac17d9c50baef9dd76bd1"
  integrity sha512-lNaJgI+2Q5URQBkccEKHTQOPaXdUxnZZElQTZY0MFUAuaEqe1E+Nyvgdz/aIyNi6Z9MzO5dv1H8n58/GELp3+w==
  dependencies:
    wrappy "1"

optimist@~0.3.5:
  version "0.3.7"
  resolved "https://registry.yarnpkg.com/optimist/-/optimist-0.3.7.tgz#c90941ad59e4273328923074d2cf2e7cbc6ec0d9"
  integrity sha512-TCx0dXQzVtSCg2OgY/bO9hjM9cV4XYx09TVK+s3+FhkjT6LovsLe+pPMzpWf+6yXK/hUizs2gUoTw3jHM0VaTQ==
  dependencies:
    wordwrap "~0.0.2"

parse-filepath@^1.0.1:
  version "1.0.2"
  resolved "https://registry.yarnpkg.com/parse-filepath/-/parse-filepath-1.0.2.tgz#a632127f53aaf3d15876f5872f3ffac763d6c891"
  integrity sha512-FwdRXKCohSVeXqwtYonZTXtbGJKrn+HNyWDYVcp5yuJlesTwNH4rsmRZ+GrKAPJ5bLpRxESMeS+Rl0VCHRvB2Q==
  dependencies:
    is-absolute "^1.0.0"
    map-cache "^0.2.0"
    path-root "^0.1.1"

parse-passwd@^1.0.0:
  version "1.0.0"
  resolved "https://registry.yarnpkg.com/parse-passwd/-/parse-passwd-1.0.0.tgz#6d5b934a456993b23d37f40a382d6f1666a8e5c6"
  integrity sha512-1Y1A//QUXEZK7YKz+rD9WydcE1+EuPr6ZBgKecAB8tmoW6UFv0NREVJe1p+jRxtThkcbbKkfwIbWJe/IeE6m2Q==

path-is-absolute@^1.0.0:
  version "1.0.1"
  resolved "https://registry.yarnpkg.com/path-is-absolute/-/path-is-absolute-1.0.1.tgz#174b9268735534ffbc7ace6bf53a5a9e1b5c5f5f"
  integrity sha512-AVbw3UJ2e9bq64vSaS9Am0fje1Pa8pbGqTTsmXfaIiMpnr5DlDhfJOuLj9Sf95ZPVDAUerDfEk88MPmPe7UCQg==

path-parse@^1.0.7:
  version "1.0.7"
  resolved "https://registry.yarnpkg.com/path-parse/-/path-parse-1.0.7.tgz#fbc114b60ca42b30d9daf5858e4bd68bbedb6735"
  integrity sha512-LDJzPVEEEPR+y48z93A0Ed0yXb8pAByGWo/k5YYdYgpY2/2EsOsksJrq7lOHxryrVOn1ejG6oAp8ahvOIQD8sw==

path-root-regex@^0.1.0:
  version "0.1.2"
  resolved "https://registry.yarnpkg.com/path-root-regex/-/path-root-regex-0.1.2.tgz#bfccdc8df5b12dc52c8b43ec38d18d72c04ba96d"
  integrity sha512-4GlJ6rZDhQZFE0DPVKh0e9jmZ5egZfxTkp7bcRDuPlJXbAwhxcl2dINPUAsjLdejqaLsCeg8axcLjIbvBjN4pQ==

path-root@^0.1.1:
  version "0.1.1"
  resolved "https://registry.yarnpkg.com/path-root/-/path-root-0.1.1.tgz#9a4a6814cac1c0cd73360a95f32083c8ea4745b7"
  integrity sha512-QLcPegTHF11axjfojBIoDygmS2E3Lf+8+jI6wOVmNVenrKSo3mFdSGiIgdSHenczw3wPtlVMQaFVwGmM7BJdtg==
  dependencies:
    path-root-regex "^0.1.0"

picomatch@^2.3.1:
  version "2.3.2"
  resolved "https://registry.yarnpkg.com/picomatch/-/picomatch-2.3.2.tgz#5a942915e26b372dc0f0e6753149a16e6b1c5601"
  integrity sha512-V7+vQEJ06Z+c5tSye8S+nHUfI51xoXIXjHQ99cQtKUkQqqO1kO/KCJUfZXuB47h/YBlDhah2H3hdUGXn8ie0oA==

pify@^4.0.1:
  version "4.0.1"
  resolved "https://registry.yarnpkg.com/pify/-/pify-4.0.1.tgz#4b2cd25c50d598735c50292224fd8c6df41e3231"
  integrity sha512-uB80kBFb/tfd68bVleG9T5GGsGPjJrLAUpR5PZIrhBnIaRTQRjqdJSsIKkOP6OAIFbj7GOrcudc5pNjZ+geV2g==

pretty-bytes@^5.3.0:
  version "5.6.0"
  resolved "https://registry.yarnpkg.com/pretty-bytes/-/pretty-bytes-5.6.0.tgz#356256f643804773c82f64723fe78c92c62beaeb"
  integrity sha512-FFw039TmrBqFK8ma/7OL3sDz/VytdtJr044/QUJtH0wK9lb9jLq9tJyIxUwtQJHwar2BqtiA4iCWSwo9JLkzFg==

qwery@3.x:
  version "3.4.2"
  resolved "https://registry.yarnpkg.com/qwery/-/qwery-3.4.2.tgz#7d0af3ebcf48af599f2ed498d8ce39023978a63e"
  integrity sha512-uFi9tZZ6ZjJWIrKPK/Rs3n+xVo2Zu75FdKyS9Q9YCg1Vme4NArTqoT7fORwtvsbQQQcjPOzUZp/rz5scHRaJqQ==

rechoir@^0.7.0:
  version "0.7.1"
  resolved "https://registry.yarnpkg.com/rechoir/-/rechoir-0.7.1.tgz#9478a96a1ca135b5e88fc027f03ee92d6c645686"
  integrity sha512-/njmZ8s1wVeR6pjTZ+0nCnv8SpZNRMT2D1RLOJQESlYFDBvwpTA4KWJpZ+sBJ4+vhjILRcK7JIFdGCdxEAAitg==
  dependencies:
    resolve "^1.9.0"

reqwest@0.x:
  version "0.9.7"
  resolved "https://registry.yarnpkg.com/reqwest/-/reqwest-0.9.7.tgz#11a2de9704dc8d52c9675265d7177103febf3a63"
  integrity sha512-O128zHYjFqijrNrgolUG6t3GMhiDtC6gK1O5UMysnMgGlI2AoEuAgp4Qd0bjNvz2agV2/uKFMWkJ0TlqvMZJMA==

resolve-dir@^1.0.0, resolve-dir@^1.0.1:
  version "1.0.1"
  resolved "https://registry.yarnpkg.com/resolve-dir/-/resolve-dir-1.0.1.tgz#79a40644c362be82f26effe739c9bb5382046f43"
  integrity sha512-R7uiTjECzvOsWSfdM0QKFNBVFcK27aHOUwdvK53BcW8zqnGdYp0Fbj82cy54+2A4P2tFM22J5kRfe1R+lM/1yg==
  dependencies:
    expand-tilde "^2.0.0"
    global-modules "^1.0.0"

resolve-url@^0.2.1:
  version "0.2.1"
  resolved "https://registry.yarnpkg.com/resolve-url/-/resolve-url-0.2.1.tgz#2c637fe77c893afd2a663fe21aa9080068e2052a"
  integrity sha512-ZuF55hVUQaaczgOIwqWzkEcEidmlD/xl44x1UZnhOXcYuFN2S6+rcxpG+C1N3So0wvNI3DmJICUFfu2SxhBmvg==

resolve@^1.19.0, resolve@^1.9.0:
  version "1.22.12"
  resolved "https://registry.yarnpkg.com/resolve/-/resolve-1.22.12.tgz#f5b2a680897c69c238a13cd16b15671f8b73549f"
  integrity sha512-TyeJ1zif53BPfHootBGwPRYT1RUt6oGWsaQr8UyZW/eAm9bKoijtvruSDEmZHm92CwS9nj7/fWttqPCgzep8CA==
  dependencies:
    es-errors "^1.3.0"
    is-core-module "^2.16.1"
    path-parse "^1.0.7"
    supports-preserve-symlinks-flag "^1.0.0"

rimraf@^2.6.2:
  version "2.7.1"
  resolved "https://registry.yarnpkg.com/rimraf/-/rimraf-2.7.1.tgz#35797f13a7fdadc566142c29d4f07ccad483e3ec"
  integrity sha512-uWjbaKIK3T1OSVptzX7Nl6PvQ3qAGtKEtVRjRuazjfL3Bx5eI409VZSqgND+4UNnmzLVdPj9FqFJNPqBZFve4w==
  dependencies:
    glob "^7.1.3"

"safer-buffer@>= 2.1.2 < 3.0.0", safer-buffer@^2.1.2:
  version "2.1.2"
  resolved "https://registry.yarnpkg.com/safer-buffer/-/safer-buffer-2.1.2.tgz#44fa161b0187b9549dd84bb91802f9bd8385cd6a"
  integrity sha512-YZo3K82SD7Riyi0E1EQPojLz7kpepnSQI9IyPbHHg1XXXevb5dJI7tpyN2ADxGcQbHG7vcyRHk0cbwqcQriUtg==

sax@~1.2.4:
  version "1.2.4"
  resolved "https://registry.yarnpkg.com/sax/-/sax-1.2.4.tgz#2816234e2378bddc4e5354fab5caa895df7100d9"
  integrity sha512-NqVDv9TpANUjFm0N8uM5GxL36UgKi9/atZw+x7YFnQ8ckwFGKrl4xX4yWtrey3UJm5nP1kUbnYgLopqWNSRhWw==

semver@^6.3.0:
  version "6.3.1"
  resolved "https://registry.yarnpkg.com/semver/-/semver-6.3.1.tgz#556d2ef8689146e46dcea4bfdd095f3434dffcb4"
  integrity sha512-BR7VvDCVHO+q2xBEWskxS6DJE1qRnb7DxzUrogb71CWoSficBxYsiAGd+Kl0mmq/MprG9yArRkyrQxTO6XjMzA==

source-map-resolve@^0.5.2:
  version "0.5.3"
  resolved "https://registry.yarnpkg.com/source-map-resolve/-/source-map-resolve-0.5.3.tgz#190866bece7553e1f8f267a2ee82c606b5509a1a"
  integrity sha512-Htz+RnsXWk5+P2slx5Jh3Q66vhQj1Cllm0zvnaY98+NFx+Dv2CF/f5O/t8x+KaNdrdIAsruNzoh/KpialbqAnw==
  dependencies:
    atob "^2.1.2"
    decode-uri-component "^0.2.0"
    resolve-url "^0.2.1"
    source-map-url "^0.4.0"
    urix "^0.1.0"

source-map-url@^0.4.0:
  version "0.4.1"
  resolved "https://registry.yarnpkg.com/source-map-url/-/source-map-url-0.4.1.tgz#0af66605a745a5a2f91cf1bbf8a7afbc283dec56"
  integrity sha512-cPiFOTLUKvJFIg4SKVScy4ilPPW6rFgMgfuZJPNoDuMs3nC1HbMUycBoJw77xFIp6z1UJQJOfx6C9GMH80DiTw==

source-map@^0.5.3:
  version "0.5.7"
  resolved "https://registry.yarnpkg.com/source-map/-/source-map-0.5.7.tgz#8a039d2d1021d22d1ea14c80d8ea468ba2ef3fcc"
  integrity sha512-LbrmJOMUSdEVxIKvdcJzQC+nQhe8FUZQTXQy6+I75skNgn3OoQ0DZA8YnFa7gp8tqtL3KPf1kmo0R5DoApeSGQ==

source-map@^0.6.1:
  version "0.6.1"
  resolved "https://registry.yarnpkg.com/source-map/-/source-map-0.6.1.tgz#74722af32e9614e9c287a8d0bbde48b5e2f1a263"
  integrity sha512-UjgapumWlbMhkBgzT7Ykc5YXUT46F0iKu8SGXq0bcwP5dz/h0Plj6enJqjz1Zbq2l5WaqYnrVbwWOWMyF3F47g==

source-map@^0.7.3:
  version "0.7.6"
  resolved "https://registry.yarnpkg.com/source-map/-/source-map-0.7.6.tgz#a3658ab87e5b6429c8a1f3ba0083d4c61ca3ef02"
  integrity sha512-i5uvt8C3ikiWeNZSVZNWcfZPItFQOsYTUAOkcUPGd8DqDy1uOUikjt5dG+uRlwyvR108Fb9DOd4GvXfT0N2/uQ==

source-map@~0.1.7:
  version "0.1.43"
  resolved "https://registry.yarnpkg.com/source-map/-/source-map-0.1.43.tgz#c24bc146ca517c1471f5dacbe2571b2b7f9e3346"
  integrity sha512-VtCvB9SIQhk3aF6h+N85EaqIaBFIAfZ9Cu+NJHHVvc8BbEcnvDcFw6sqQ2dQrT6SlOrZq3tIvyD9+EGq/lJryQ==
  dependencies:
    amdefine ">=0.0.4"

sprintf-js@^1.1.1:
  version "1.1.3"
  resolved "https://registry.yarnpkg.com/sprintf-js/-/sprintf-js-1.1.3.tgz#4914b903a2f8b685d17fdf78a70e917e872e444a"
  integrity sha512-Oo+0REFV59/rz3gfJNKQiBlwfHaSESl1pcGyABQsnnIfWOFt6JNj5gCog2U6MLZ//IGYD+nA8nI+mTShREReaA==

sprintf-js@~1.0.2:
  version "1.0.3"
  resolved "https://registry.yarnpkg.com/sprintf-js/-/sprintf-js-1.0.3.tgz#04e6926f662895354f3dd015203633b857297e2c"
  integrity sha512-D9cPgkvLlV3t3IzL0D0YLvGA9Ahk4PcvVwUbN0dSGr1aP0Nrt4AEnTUbuGvquEC0mA64Gqt1fzirlRs5ibXx8g==

strip-ansi@^3.0.0:
  version "3.0.1"
  resolved "https://registry.yarnpkg.com/strip-ansi/-/strip-ansi-3.0.1.tgz#6a385fb8853d952d5ff05d0e8aaf94278dc63dcf"
  integrity sha512-VhumSSbBqDTP8p2ZLKj40UjBCV4+v8bUSEpUb4KjRgWk9pbqGF4REFj6KEagidb2f/M6AzC0EmFyDNGaw9OCzg==
  dependencies:
    ansi-regex "^2.0.0"

stylus@^0.54.0:
  version "0.54.8"
  resolved "https://registry.yarnpkg.com/stylus/-/stylus-0.54.8.tgz#3da3e65966bc567a7b044bfe0eece653e099d147"
  integrity sha512-vr54Or4BZ7pJafo2mpf0ZcwA74rpuYCZbxrHBsH8kbcXOwSfvBFwsRfpGO5OD5fhG5HDCFW737PKaawI7OqEAg==
  dependencies:
    css-parse "~2.0.0"
    debug "~3.1.0"
    glob "^7.1.6"
    mkdirp "~1.0.4"
    safer-buffer "^2.1.2"
    sax "~1.2.4"
    semver "^6.3.0"
    source-map "^0.7.3"

supports-color@^2.0.0:
  version "2.0.0"
  resolved "https://registry.yarnpkg.com/supports-color/-/supports-color-2.0.0.tgz#535d045ce6b6363fa40117084629995e9df324c7"
  integrity sha512-KKNVtd6pCYgPIKU4cp2733HWYCpplQhddZLBUryaAHou723x+FRzQ5Df824Fj+IyyuiQTRoub4SnIFfIcrp70g==

supports-color@^5.3.0:
  version "5.5.0"
  resolved "https://registry.yarnpkg.com/supports-color/-/supports-color-5.5.0.tgz#e2e69a44ac8772f78a1ec0b35b689df6530efc8f"
  integrity sha512-QjVjwdXIt408MIiAqCX4oUKsgU2EqAGzs2Ppkm4aQYbjm+ZEWEcW4SfFNTr4uMNZma0ey4f5lgLrkB0aX0QMow==
  dependencies:
    has-flag "^3.0.0"

supports-color@^7.1.0:
  version "7.2.0"
  resolved "https://registry.yarnpkg.com/supports-color/-/supports-color-7.2.0.tgz#1b7dcdcb32b8138801b3e478ba6a51caa89648da"
  integrity sha512-qpCAvRl9stuOHveKsn7HncJRvv501qIacKzQlO/+Lwxc9+0q2wLyv4Dfvt80/DPn2pqOBsJdDiogXGR9+OvwRw==
  dependencies:
    has-flag "^4.0.0"

supports-preserve-symlinks-flag@^1.0.0:
  version "1.0.0"
  resolved "https://registry.yarnpkg.com/supports-preserve-symlinks-flag/-/supports-preserve-symlinks-flag-1.0.0.tgz#6eda4bd344a3c94aea376d4cc31bc77311039e09"
  integrity sha512-ot0WnXS9fgdkgIcePe6RHNk1WA8+muPa6cSjeR3V8K27q9BB1rTE3R1p7Hv0z1ZyAc8s6Vvv8DIyWf681MAt0w==

to-regex-range@^5.0.1:
  version "5.0.1"
  resolved "https://registry.yarnpkg.com/to-regex-range/-/to-regex-range-5.0.1.tgz#1648c44aae7c8d988a326018ed72f5b4dd0392e4"
  integrity sha512-65P7iz6X5yEr1cwcgvQxbbIw7Uk3gOy5dIdtZ4rDveLqhrdJP+Li/Hx6tyK0NEb+2GCyneCMJiGqrADCSNk8sQ==
  dependencies:
    is-number "^7.0.0"

uglify-js2@*:
  version "2.1.11"
  resolved "https://registry.yarnpkg.com/uglify-js2/-/uglify-js2-2.1.11.tgz#023431d6ab9100dcb264c5313db79826c2e19dda"
  integrity sha512-GDAWjd0y3XvuAJtP/txp1zXchyrrAbKGGEZlkFBi36gDHd2xNWItgdsRiQJzJRZ3+R+3rpmRczCCw5okcDPIyg==
  dependencies:
    optimist "~0.3.5"
    source-map "~0.1.7"

uglify-js@^3.16.1:
  version "3.19.3"
  resolved "https://registry.yarnpkg.com/uglify-js/-/uglify-js-3.19.3.tgz#82315e9bbc6f2b25888858acd1fff8441035b77f"
  integrity sha512-v3Xu+yuwBXisp6QYTcH4UbH+xYJXqnq2m/LtQVWKWzYc1iehYnLixoQDN9FH6/j9/oybfd6W9Ghwkl8+UMKTKQ==

unc-path-regex@^0.1.2:
  version "0.1.2"
  resolved "https://registry.yarnpkg.com/unc-path-regex/-/unc-path-regex-0.1.2.tgz#e73dd3d7b0d7c5ed86fbac6b0ae7d8c6a69d50fa"
  integrity sha512-eXL4nmJT7oCpkZsHZUOJo8hcX3GbsiDOa0Qu9F646fi8dT3XuSVopVqAcEiVzSKKH7UoDti23wNX3qGFxcW5Qg==

underscore.string@~3.3.5:
  version "3.3.6"
  resolved "https://registry.yarnpkg.com/underscore.string/-/underscore.string-3.3.6.tgz#ad8cf23d7423cb3b53b898476117588f4e2f9159"
  integrity sha512-VoC83HWXmCrF6rgkyxS9GHv8W9Q5nhMKho+OadDJGzL2oDYbYEppBaCMH6pFlwLeqj2QS+hhkw2kpXkSdD1JxQ==
  dependencies:
    sprintf-js "^1.1.1"
    util-deprecate "^1.0.2"

uri-path@^1.0.0:
  version "1.0.0"
  resolved "https://registry.yarnpkg.com/uri-path/-/uri-path-1.0.0.tgz#9747f018358933c31de0fccfd82d138e67262e32"
  integrity sha512-8pMuAn4KacYdGMkFaoQARicp4HSw24/DHOVKWqVRJ8LhhAwPPFpdGvdL9184JVmUwe7vz7Z9n6IqI6t5n2ELdg==

urix@^0.1.0:
  version "0.1.0"
  resolved "https://registry.yarnpkg.com/urix/-/urix-0.1.0.tgz#da937f7a62e21fec1fd18d49b35c2935067a6c72"
  integrity sha512-Am1ousAhSLBeB9cG/7k7r2R0zj50uDRlZHPGbazid5s9rlF1F/QKYObEKSIunSjIOkJZqwRRLpvewjEkM7pSqg==

util-deprecate@^1.0.2:
  version "1.0.2"
  resolved "https://registry.yarnpkg.com/util-deprecate/-/util-deprecate-1.0.2.tgz#450d4dc9fa70de732762fbd2d4a28981419a0ccf"
  integrity sha512-EPD5q1uXyFxJpCrLnCc1nHnq3gOa6DZBocAIiI2TaSCA7VCJ1UJDMagCzIkXNsUYfD1daK//LTEQ8xiIbrHtcw==

v8flags@^4.0.1:
  version "4.0.1"
  resolved "https://registry.yarnpkg.com/v8flags/-/v8flags-4.0.1.tgz#98fe6c4308317c5f394d85a435eb192490f7e132"
  integrity sha512-fcRLaS4H/hrZk9hYwbdRM35D0U8IYMfEClhXxCivOojl+yTRAZH3Zy2sSy6qVCiGbV9YAtPssP6jaChqC9vPCg==

which@^1.2.14:
  version "1.3.1"
  resolved "https://registry.yarnpkg.com/which/-/which-1.3.1.tgz#a45043d54f5805316da8d62f9f50918d3da70b0a"
  integrity sha512-HxJdYWq1MTIQbJ3nw0cqssHoTNU267KlrDuGZ1WYlxDStUtKUhOaJmh112/TZmHxxUfuJqPXSOm7tDyas0OSIQ==
  dependencies:
    isexe "^2.0.0"

which@~2.0.2:
  version "2.0.2"
  resolved "https://registry.yarnpkg.com/which/-/which-2.0.2.tgz#7c6a8dd0a636a0327e10b59c9286eee93f3f51b1"
  integrity sha512-BLI3Tl1TW3Pvl70l3yq3Y64i+awpwXqsGBYWkkqMtnbXgrMD+yj7rhW0kuEDxzJaYXGjEW5ogapKNMEKNMjibA==
  dependencies:
    isexe "^2.0.0"

wordwrap@~0.0.2:
  version "0.0.3"
  resolved "https://registry.yarnpkg.com/wordwrap/-/wordwrap-0.0.3.tgz#a3d5da6cd5c0bc0008d37234bbaf1bed63059107"
  integrity sha512-1tMA907+V4QmxV7dbRvb4/8MaRALK6q9Abid3ndMYnbyo8piisCmeONVqVSXqQA3KaP4SLt5b7ud6E2sqP8TFw==

wrappy@1:
  version "1.0.2"
  resolved "https://registry.yarnpkg.com/wrappy/-/wrappy-1.0.2.tgz#b5243d8f3ec1aa35f1364605bc0d1036e30ab69f"
  integrity sha512-l4Sp/DRseor9wL6EvV2+TuQn63dMkPjZ/sp9XkghTEbV9KlPS1xUsZ3u7/IQO4wxtcFB4bgpQPRcR3QCvezPcQ==
